
Microsoft Visual Studio Solution File, Format Version 12.00
# Visual Studio Version 16
VisualStudioVersion = 16.0.31402.337
MinimumVisualStudioVersion = 10.0.40219.1
Project("{FAE04EC0-301F-11D3-BF4B-00C04F79EFBC}") = "boilersGraphics", "boilersGraphics\boilersGraphics.csproj", "{22E14D88-7443-4526-9C02-3523E08FFA83}"
EndProject
Project("{FAE04EC0-301F-11D3-BF4B-00C04F79EFBC}") = "boilersGraphics.Test", "boilersGraphics.Test\boilersGraphics.Test.csproj", "{8EDF4429-251A-416D-BB68-93F227191BCF}"
EndProject
Project("{2150E333-8FDC-42A3-9474-1A3956D46DE8}") = "Solution Items", "Solution Items", "{91F75893-628A-4062-9BD7-24EA5033AB8A}"
	ProjectSection(SolutionItems) = preProject
		.gitignore = .gitignore
		azure-pipelines.yml = azure-pipelines.yml
		HowToUse.md = HowToUse.md
		README.md = README.md
	EndProjectSection
EndProject
Project("{54435603-DBB4-11D2-8724-00A0C9A8B90C}") = "Setup", "Setup\Setup.vdproj", "{6130F5EB-22D2-4866-A25E-FCE113F5DCC8}"
EndProject
Project("{FAE04EC0-301F-11D3-BF4B-00C04F79EFBC}") = "Btl.Controls", "Btl\Controls\Btl.Controls.csproj", "{EEFA1336-44F6-4766-BE16-A81AD1FCC2E5}"
EndProject
Global
	GlobalSection(SolutionConfigurationPlatforms) = preSolution
		Debug|Any CPU = Debug|Any CPU
		Release|Any CPU = Release|Any CPU
	EndGlobalSection
	GlobalSection(ProjectConfigurationPlatforms) = postSolution
		{22E14D88-7443-4526-9C02-3523E08FFA83}.Debug|Any CPU.ActiveCfg = Debug|Any CPU
		{22E14D88-7443-4526-9C02-3523E08FFA83}.Debug|Any CPU.Build.0 = Debug|Any CPU
		{22E14D88-7443-4526-9C02-3523E08FFA83}.Release|Any CPU.ActiveCfg = Release|Any CPU
		{22E14D88-7443-4526-9C02-3523E08FFA83}.Release|Any CPU.Build.0 = Release|Any CPU
		{8EDF4429-251A-416D-BB68-93F227191BCF}.Debug|Any CPU.ActiveCfg = Debug|Any CPU
		{8EDF4429-251A-416D-BB68-93F227191BCF}.Debug|Any CPU.Build.0 = Debug|Any CPU
		{8EDF4429-251A-416D-BB68-93F227191BCF}.Release|Any CPU.ActiveCfg = Release|Any CPU
		{8EDF4429-251A-416D-BB68-93F227191BCF}.Release|Any CPU.Build.0 = Release|Any CPU
		{6130F5EB-22D2-4866-A25E-FCE113F5DCC8}.Debug|Any CPU.ActiveCfg = Debug
		{6130F5EB-22D2-4866-A25E-FCE113F5DCC8}.Release|Any CPU.ActiveCfg = Release
		{6130F5EB-22D2-4866-A25E-FCE113F5DCC8}.Release|Any CPU.Build.0 = Release
		{EEFA1336-44F6-4766-BE16-A81AD1FCC2E5}.Debug|Any CPU.ActiveCfg = Debug|Any CPU
		{EEFA1336-44F6-4766-BE16-A81AD1FCC2E5}.Debug|Any CPU.Build.0 = Debug|Any CPU
		{EEFA1336-44F6-4766-BE16-A81AD1FCC2E5}.Release|Any CPU.ActiveCfg = Release|Any CPU
		{EEFA1336-44F6-4766-BE16-A81AD1FCC2E5}.Release|Any CPU.Build.0 = Release|Any CPU
	EndGlobalSection
	GlobalSection(SolutionProperties) = preSolution
		HideSolutionNode = FALSE
	EndGlobalSection
	GlobalSection(ExtensibilityGlobals) = postSolution
		SolutionGuid = {B670A7DF-E0AE-4030-973F-92FC6283474A}
	EndGlobalSection
EndGlobal
